Microsoft Visual Studio Solution File, Format Version 12.00
# Visual Studio Version 17
VisualStudioVersion = 17.5.2.0
MinimumVisualStudioVersion = 10.0.40219.1
Project("{FAE04EC0-301F-11D3-BF4B-00C04F79EFBC}") = "CSHARP_Aprendizado", "CSHARP_Aprendizado.csproj", "{BFA1948C-00AC-D459-115D-D97E92CE95ED}"
EndProject
Global
	GlobalSection(SolutionConfigurationPlatforms) = preSolution
		Debug|Any CPU = Debug|Any CPU
		Release|Any CPU = Release|Any CPU
	EndGlobalSection
	GlobalSection(ProjectConfigurationPlatforms) = postSolution
		{BFA1948C-00AC-D459-115D-D97E92CE95ED}.Debug|Any CPU.ActiveCfg = Debug|Any CPU
		{BFA1948C-00AC-D459-115D-D97E92CE95ED}.Debug|Any CPU.Build.0 = Debug|Any CPU
		{BFA1948C-00AC-D459-115D-D97E92CE95ED}.Release|Any CPU.ActiveCfg = Release|Any CPU
		{BFA1948C-00AC-D459-115D-D97E92CE95ED}.Release|Any CPU.Build.0 = Release|Any CPU
	EndGlobalSection
	GlobalSection(SolutionProperties) = preSolution
		HideSolutionNode = FALSE
	EndGlobalSection
	GlobalSection(ExtensibilityGlobals) = postSolution
		SolutionGuid = {3FD4C064-8B2F-426A-BE26-8E3D3B30500E}
	EndGlobalSection
EndGlobal
